
Microsoft Visual Studio Solution File, Format Version 12.00
# Visual Studio 15
VisualStudioVersion = 15.0.28307.421
MinimumVisualStudioVersion = 10.0.40219.1
Project("{FAE04EC0-301F-11D3-BF4B-00C04F79EFBC}") = "integerassignment", "integerassignment\integerassignment.csproj", "{4500088C-9437-41C2-A32A-3D6D6E434994}"
EndProject
Global
	GlobalSection(SolutionConfigurationPlatforms) = preSolution
		Debug|Any CPU = Debug|Any CPU
		Release|Any CPU = Release|Any CPU
	EndGlobalSection
	GlobalSection(ProjectConfigurationPlatforms) = postSolution
		{4500088C-9437-41C2-A32A-3D6D6E434994}.Debug|Any CPU.ActiveCfg = Debug|Any CPU
		{4500088C-9437-41C2-A32A-3D6D6E434994}.Debug|Any CPU.Build.0 = Debug|Any CPU
		{4500088C-9437-41C2-A32A-3D6D6E434994}.Release|Any CPU.ActiveCfg = Release|Any CPU
		{4500088C-9437-41C2-A32A-3D6D6E434994}.Release|Any CPU.Build.0 = Release|Any CPU
	EndGlobalSection
	GlobalSection(SolutionProperties) = preSolution
		HideSolutionNode = FALSE
	EndGlobalSection
	GlobalSection(ExtensibilityGlobals) = postSolution
		SolutionGuid = {127D15C9-ACC0-4129-96C9-EF73E0BC8953}
	EndGlobalSection
EndGlobal
